
Microsoft Visual Studio Solution File, Format Version 12.00
# Visual Studio Version 16
VisualStudioVersion = 16.0.31624.102
MinimumVisualStudioVersion = 10.0.40219.1
Project("{FAE04EC0-301F-11D3-BF4B-00C04F79EFBC}") = "StudentManagement.Presentation", "StudentManagement.Presentation\StudentManagement.Presentation.csproj", "{FA79E1E0-0F46-4CFD-AFA1-4F487D0E63DA}"
EndProject
Project("{FAE04EC0-301F-11D3-BF4B-00C04F79EFBC}") = "StudentManagement.DataAcessLayer", "StudentManagement.DataAcessLayer\StudentManagement.DataAcessLayer.csproj", "{9225E8E1-F2EA-425A-A0D2-6C60D6369403}"
EndProject
Project("{FAE04EC0-301F-11D3-BF4B-00C04F79EFBC}") = "StudentManagement.BusinessLogicLayer", "StudentManagement.BusinessLogicLayer\StudentManagement.BusinessLogicLayer.csproj", "{FDF15079-B2B6-4B70-BE39-97FD7AC2E9F9}"
EndProject
Project("{FAE04EC0-301F-11D3-BF4B-00C04F79EFBC}") = "StudentManagement.Exceptions", "StudentManagement.Exceptions\StudentManagement.Exceptions.csproj", "{5CEE76F9-CDA4-4308-A06F-7EF3DAB8DB6B}"
EndProject
Project("{FAE04EC0-301F-11D3-BF4B-00C04F79EFBC}") = "StudentManagement.Entities", "StudentManagement.Entities\StudentManagement.Entities.csproj", "{F1A9121D-A643-4762-887C-A87F7A171D9F}"
EndProject
Global
	GlobalSection(SolutionConfigurationPlatforms) = preSolution
		Debug|Any CPU = Debug|Any CPU
		Release|Any CPU = Release|Any CPU
	EndGlobalSection
	GlobalSection(ProjectConfigurationPlatforms) = postSolution
		{FA79E1E0-0F46-4CFD-AFA1-4F487D0E63DA}.Debug|Any CPU.ActiveCfg = Debug|Any CPU
		{FA79E1E0-0F46-4CFD-AFA1-4F487D0E63DA}.Debug|Any CPU.Build.0 = Debug|Any CPU
		{FA79E1E0-0F46-4CFD-AFA1-4F487D0E63DA}.Release|Any CPU.ActiveCfg = Release|Any CPU
		{FA79E1E0-0F46-4CFD-AFA1-4F487D0E63DA}.Release|Any CPU.Build.0 = Release|Any CPU
		{9225E8E1-F2EA-425A-A0D2-6C60D6369403}.Debug|Any CPU.ActiveCfg = Debug|Any CPU
		{9225E8E1-F2EA-425A-A0D2-6C60D6369403}.Debug|Any CPU.Build.0 = Debug|Any CPU
		{9225E8E1-F2EA-425A-A0D2-6C60D6369403}.Release|Any CPU.ActiveCfg = Release|Any CPU
		{9225E8E1-F2EA-425A-A0D2-6C60D6369403}.Release|Any CPU.Build.0 = Release|Any CPU
		{FDF15079-B2B6-4B70-BE39-97FD7AC2E9F9}.Debug|Any CPU.ActiveCfg = Debug|Any CPU
		{FDF15079-B2B6-4B70-BE39-97FD7AC2E9F9}.Debug|Any CPU.Build.0 = Debug|Any CPU
		{FDF15079-B2B6-4B70-BE39-97FD7AC2E9F9}.Release|Any CPU.ActiveCfg = Release|Any CPU
		{FDF15079-B2B6-4B70-BE39-97FD7AC2E9F9}.Release|Any CPU.Build.0 = Release|Any CPU
		{5CEE76F9-CDA4-4308-A06F-7EF3DAB8DB6B}.Debug|Any CPU.ActiveCfg = Debug|Any CPU
		{5CEE76F9-CDA4-4308-A06F-7EF3DAB8DB6B}.Debug|Any CPU.Build.0 = Debug|Any CPU
		{5CEE76F9-CDA4-4308-A06F-7EF3DAB8DB6B}.Release|Any CPU.ActiveCfg = Release|Any CPU
		{5CEE76F9-CDA4-4308-A06F-7EF3DAB8DB6B}.Release|Any CPU.Build.0 = Release|Any CPU
		{F1A9121D-A643-4762-887C-A87F7A171D9F}.Debug|Any CPU.ActiveCfg = Debug|Any CPU
		{F1A9121D-A643-4762-887C-A87F7A171D9F}.Debug|Any CPU.Build.0 = Debug|Any CPU
		{F1A9121D-A643-4762-887C-A87F7A171D9F}.Release|Any CPU.ActiveCfg = Release|Any CPU
		{F1A9121D-A643-4762-887C-A87F7A171D9F}.Release|Any CPU.Build.0 = Release|Any CPU
	EndGlobalSection
	GlobalSection(SolutionProperties) = preSolution
		HideSolutionNode = FALSE
	EndGlobalSection
	GlobalSection(ExtensibilityGlobals) = postSolution
		SolutionGuid = {49040A6A-2D28-41F9-9FD9-662F9733323E}
	EndGlobalSection
EndGlobal
